
Microsoft Visual Studio Solution File, Format Version 12.00
# Visual Studio Version 17
VisualStudioVersion = 17.8.34322.80
MinimumVisualStudioVersion = 10.0.40219.1
Project("{9A19103F-16F7-4668-BE54-9A1E7A4F7556}") = "AdvanceAPI.API", "AdvanceAPI.API\AdvanceAPI.API.csproj", "{036C0578-1CFF-4505-9625-622BFF2EDEF7}"
EndProject
Project("{9A19103F-16F7-4668-BE54-9A1E7A4F7556}") = "AdvanceAPI.BLL", "AdvanceAPI.BLL\AdvanceAPI.BLL.csproj", "{9242E4A0-44BC-467A-8B0F-E28E4521C49C}"
EndProject
Project("{9A19103F-16F7-4668-BE54-9A1E7A4F7556}") = "AdvanceAPI.CORE", "AdvanceAPI.CORE\AdvanceAPI.CORE.csproj", "{67E9F2C2-9FA0-4BC8-A771-7FB7ADD69205}"
EndProject
Project("{9A19103F-16F7-4668-BE54-9A1E7A4F7556}") = "AdvanceAPI.DAL", "AdvanceAPI.DAL\AdvanceAPI.DAL.csproj", "{389B145D-E34D-4E1A-9640-A2BEF73203E4}"
EndProject
Project("{9A19103F-16F7-4668-BE54-9A1E7A4F7556}") = "AdvanceAPI.DTOs", "AdvanceAPI.DTOs\AdvanceAPI.DTOs.csproj", "{9FF4A1E9-6B21-49A7-A982-DA49D6D1F578}"
EndProject
Project("{9A19103F-16F7-4668-BE54-9A1E7A4F7556}") = "AdvanceAPI.Entities", "AdvanceAPI.Entities\AdvanceAPI.Entities.csproj", "{FA3C09D1-A9C2-493B-8136-1D61F0C7FF02}"
EndProject
Project("{9A19103F-16F7-4668-BE54-9A1E7A4F7556}") = "AdvanceAPI.ExceptionHandling", "AdvanceAPI.ExceptionHandling\AdvanceAPI.ExceptionHandling.csproj", "{7BE099D3-0E52-419B-9F49-8C43F0044910}"
EndProject
Project("{FAE04EC0-301F-11D3-BF4B-00C04F79EFBC}") = "AdvanceAPI.Logging", "AdvanceAPI.Logging\AdvanceAPI.Logging.csproj", "{72E8B1E0-2690-4B76-9846-5760A6799912}"
EndProject
Global
	GlobalSection(SolutionConfigurationPlatforms) = preSolution
		Debug|Any CPU = Debug|Any CPU
		Release|Any CPU = Release|Any CPU
	EndGlobalSection
	GlobalSection(ProjectConfigurationPlatforms) = postSolution
		{036C0578-1CFF-4505-9625-622BFF2EDEF7}.Debug|Any CPU.ActiveCfg = Debug|Any CPU
		{036C0578-1CFF-4505-9625-622BFF2EDEF7}.Debug|Any CPU.Build.0 = Debug|Any CPU
		{036C0578-1CFF-4505-9625-622BFF2EDEF7}.Release|Any CPU.ActiveCfg = Release|Any CPU
		{036C0578-1CFF-4505-9625-622BFF2EDEF7}.Release|Any CPU.Build.0 = Release|Any CPU
		{9242E4A0-44BC-467A-8B0F-E28E4521C49C}.Debug|Any CPU.ActiveCfg = Debug|Any CPU
		{9242E4A0-44BC-467A-8B0F-E28E4521C49C}.Debug|Any CPU.Build.0 = Debug|Any CPU
		{9242E4A0-44BC-467A-8B0F-E28E4521C49C}.Release|Any CPU.ActiveCfg = Release|Any CPU
		{9242E4A0-44BC-467A-8B0F-E28E4521C49C}.Release|Any CPU.Build.0 = Release|Any CPU
		{67E9F2C2-9FA0-4BC8-A771-7FB7ADD69205}.Debug|Any CPU.ActiveCfg = Debug|Any CPU
		{67E9F2C2-9FA0-4BC8-A771-7FB7ADD69205}.Debug|Any CPU.Build.0 = Debug|Any CPU
		{67E9F2C2-9FA0-4BC8-A771-7FB7ADD69205}.Release|Any CPU.ActiveCfg = Release|Any CPU
		{67E9F2C2-9FA0-4BC8-A771-7FB7ADD69205}.Release|Any CPU.Build.0 = Release|Any CPU
		{389B145D-E34D-4E1A-9640-A2BEF73203E4}.Debug|Any CPU.ActiveCfg = Debug|Any CPU
		{389B145D-E34D-4E1A-9640-A2BEF73203E4}.Debug|Any CPU.Build.0 = Debug|Any CPU
		{389B145D-E34D-4E1A-9640-A2BEF73203E4}.Release|Any CPU.ActiveCfg = Release|Any CPU
		{389B145D-E34D-4E1A-9640-A2BEF73203E4}.Release|Any CPU.Build.0 = Release|Any CPU
		{9FF4A1E9-6B21-49A7-A982-DA49D6D1F578}.Debug|Any CPU.ActiveCfg = Debug|Any CPU
		{9FF4A1E9-6B21-49A7-A982-DA49D6D1F578}.Debug|Any CPU.Build.0 = Debug|Any CPU
		{9FF4A1E9-6B21-49A7-A982-DA49D6D1F578}.Release|Any CPU.ActiveCfg = Release|Any CPU
		{9FF4A1E9-6B21-49A7-A982-DA49D6D1F578}.Release|Any CPU.Build.0 = Release|Any CPU
		{FA3C09D1-A9C2-493B-8136-1D61F0C7FF02}.Debug|Any CPU.ActiveCfg = Debug|Any CPU
		{FA3C09D1-A9C2-493B-8136-1D61F0C7FF02}.Debug|Any CPU.Build.0 = Debug|Any CPU
		{FA3C09D1-A9C2-493B-8136-1D61F0C7FF02}.Release|Any CPU.ActiveCfg = Release|Any CPU
		{FA3C09D1-A9C2-493B-8136-1D61F0C7FF02}.Release|Any CPU.Build.0 = Release|Any CPU
		{7BE099D3-0E52-419B-9F49-8C43F0044910}.Debug|Any CPU.ActiveCfg = Debug|Any CPU
		{7BE099D3-0E52-419B-9F49-8C43F0044910}.Debug|Any CPU.Build.0 = Debug|Any CPU
		{7BE099D3-0E52-419B-9F49-8C43F0044910}.Release|Any CPU.ActiveCfg = Release|Any CPU
		{7BE099D3-0E52-419B-9F49-8C43F0044910}.Release|Any CPU.Build.0 = Release|Any CPU
		{72E8B1E0-2690-4B76-9846-5760A6799912}.Debug|Any CPU.ActiveCfg = Debug|Any CPU
		{72E8B1E0-2690-4B76-9846-5760A6799912}.Debug|Any CPU.Build.0 = Debug|Any CPU
		{72E8B1E0-2690-4B76-9846-5760A6799912}.Release|Any CPU.ActiveCfg = Release|Any CPU
		{72E8B1E0-2690-4B76-9846-5760A6799912}.Release|Any CPU.Build.0 = Release|Any CPU
	EndGlobalSection
	GlobalSection(SolutionProperties) = preSolution
		HideSolutionNode = FALSE
	EndGlobalSection
	GlobalSection(ExtensibilityGlobals) = postSolution
		SolutionGuid = {157E3364-7127-440B-B82E-B7A74B42F074}
	EndGlobalSection
EndGlobal
